// !$*UTF8*$!
{
	archiveVersion = 1;
	classes = {
	};
	objectVersion = 77;
	objects = {

/* Begin PBXBuildFile section */
		0460532CB7AF637FBF761216 /* AnalysisView.swift in Sources */ = {isa = PBXBuildFile; fileRef = 221E9FC34384F62F21CF8B2C /* AnalysisView.swift */; };
		0B901906F0EAFE364A4C1AE6 /* PortfolioModels.swift in Sources */ = {isa = PBXBuildFile; fileRef = B44D4B3D0C0D32430530A6FA /* PortfolioModels.swift */; };
		1552601BB1781C4567306193 /* BackgroundNetworkSession.swift in Sources */ = {isa = PBXBuildFile; fileRef = 3A5315FA51DB0730CB4A4702 /* BackgroundNetworkSession.swift */; };
		1603F7CAA21E69E1D87A3CF1 /* HoldingsView.swift in Sources */ = {isa = PBXBuildFile; fileRef = 503A67D925BF2F4790395B73 /* HoldingsView.swift */; };
		261773E66898155B4A1AA496 /* FD5to6FinanceApp.swift in Sources */ = {isa = PBXBuildFile; fileRef = 7A1450337206CA58D1AFACD5 /* FD5to6FinanceApp.swift */; };
		43ECDA7094A86E910E368B9D /* MainTabView.swift in Sources */ = {isa = PBXBuildFile; fileRef = 7F71B65F63A8620C39FB1081 /* MainTabView.swift */; };
		56FE521069D7D4778868E9BA /* HoldingCard.swift in Sources */ = {isa = PBXBuildFile; fileRef = 32294F253EB4ED820C2CA04A /* HoldingCard.swift */; };
		6A9E0841B4860288B728AACD /* AuthManager.swift in Sources */ = {isa = PBXBuildFile; fileRef = 572AFAE2337A882867A10414 /* AuthManager.swift */; };
		87232CB58E74E7A8B66C642A /* ProfitHistoryView.swift in Sources */ = {isa = PBXBuildFile; fileRef = 1FFB093C98A9A65BAC4C61DD /* ProfitHistoryView.swift */; };
		88E574EBAFD309E43C42A53C /* SignInView.swift in Sources */ = {isa = PBXBuildFile; fileRef = 42F775919615AB0B49C18D11 /* SignInView.swift */; };
		8E910D91411A6410DAF874CE /* GoogleSignIn in Frameworks */ = {isa = PBXBuildFile; productRef = F137E08175121C87C59AAAA1 /* GoogleSignIn */; };
		911586D3DF418056B6DE4528 /* Assets.xcassets in Resources */ = {isa = PBXBuildFile; fileRef = D1F2D68780F957CF4155C9D5 /* Assets.xcassets */; };
		A0393A7B7685631DF221E229 /* ScriptAPIService.swift in Sources */ = {isa = PBXBuildFile; fileRef = 9EEA14071FF9B511EBB80775 /* ScriptAPIService.swift */; };
		A61D8745C8CA7CAF47024B1F /* PortfolioViewModel.swift in Sources */ = {isa = PBXBuildFile; fileRef = ED39F469647665BA80AB7A24 /* PortfolioViewModel.swift */; };
		B23434C6DCF7650437DA0C1B /* CacheService.swift in Sources */ = {isa = PBXBuildFile; fileRef = F5E05DAC0D44225F96A4A59F /* CacheService.swift */; };
		BF25D24E55157721795B1A30 /* IndicatorsView.swift in Sources */ = {isa = PBXBuildFile; fileRef = A624075426C0CD6EFA44B061 /* IndicatorsView.swift */; };
		D8862210CC4D533765E55557 /* DashboardView.swift in Sources */ = {isa = PBXBuildFile; fileRef = A9B2E8C9B55CB166148F3413 /* DashboardView.swift */; };
		DB364D4F8268F63DF0BE35C0 /* Extensions.swift in Sources */ = {isa = PBXBuildFile; fileRef = 3430B011FA23825C7EB24909 /* Extensions.swift */; };
/* End PBXBuildFile section */

/* Begin PBXFileReference section */
		1FFB093C98A9A65BAC4C61DD /* ProfitHistoryView.swift */ = {isa = PBXFileReference; lastKnownFileType = sourcecode.swift; path = ProfitHistoryView.swift; sourceTree = "<group>"; };
		221E9FC34384F62F21CF8B2C /* AnalysisView.swift */ = {isa = PBXFileReference; lastKnownFileType = sourcecode.swift; path = AnalysisView.swift; sourceTree = "<group>"; };
		32294F253EB4ED820C2CA04A /* HoldingCard.swift */ = {isa = PBXFileReference; lastKnownFileType = sourcecode.swift; path = HoldingCard.swift; sourceTree = "<group>"; };
		3430B011FA23825C7EB24909 /* Extensions.swift */ = {isa = PBXFileReference; lastKnownFileType = sourcecode.swift; path = Extensions.swift; sourceTree = "<group>"; };
		3A5315FA51DB0730CB4A4702 /* BackgroundNetworkSession.swift */ = {isa = PBXFileReference; lastKnownFileType = sourcecode.swift; path = BackgroundNetworkSession.swift; sourceTree = "<group>"; };
		42F775919615AB0B49C18D11 /* SignInView.swift */ = {isa = PBXFileReference; lastKnownFileType = sourcecode.swift; path = SignInView.swift; sourceTree = "<group>"; };
		503A67D925BF2F4790395B73 /* HoldingsView.swift */ = {isa = PBXFileReference; lastKnownFileType = sourcecode.swift; path = HoldingsView.swift; sourceTree = "<group>"; };
		572AFAE2337A882867A10414 /* AuthManager.swift */ = {isa = PBXFileReference; lastKnownFileType = sourcecode.swift; path = AuthManager.swift; sourceTree = "<group>"; };
		709B08EF831023E69437767D /* FD5to6Finance.app */ = {isa = PBXFileReference; explicitFileType = wrapper.application; includeInIndex = 0; path = FD5to6Finance.app; sourceTree = BUILT_PRODUCTS_DIR; };
		7A1450337206CA58D1AFACD5 /* FD5to6FinanceApp.swift */ = {isa = PBXFileReference; lastKnownFileType = sourcecode.swift; path = FD5to6FinanceApp.swift; sourceTree = "<group>"; };
		7F71B65F63A8620C39FB1081 /* MainTabView.swift */ = {isa = PBXFileReference; lastKnownFileType = sourcecode.swift; path = MainTabView.swift; sourceTree = "<group>"; };
		9EEA14071FF9B511EBB80775 /* ScriptAPIService.swift */ = {isa = PBXFileReference; lastKnownFileType = sourcecode.swift; path = ScriptAPIService.swift; sourceTree = "<group>"; };
		A624075426C0CD6EFA44B061 /* IndicatorsView.swift */ = {isa = PBXFileReference; lastKnownFileType = sourcecode.swift; path = IndicatorsView.swift; sourceTree = "<group>"; };
		A9B2E8C9B55CB166148F3413 /* DashboardView.swift */ = {isa = PBXFileReference; lastKnownFileType = sourcecode.swift; path = DashboardView.swift; sourceTree = "<group>"; };
		B44D4B3D0C0D32430530A6FA /* PortfolioModels.swift */ = {isa = PBXFileReference; lastKnownFileType = sourcecode.swift; path = PortfolioModels.swift; sourceTree = "<group>"; };
		D1F2D68780F957CF4155C9D5 /* Assets.xcassets */ = {isa = PBXFileReference; lastKnownFileType = folder.assetcatalog; path = Assets.xcassets; sourceTree = "<group>"; };
		D7A19E9BF2B7DF11ECB3A75F /* Info.plist */ = {isa = PBXFileReference; lastKnownFileType = text.plist; path = Info.plist; sourceTree = "<group>"; };
		ED39F469647665BA80AB7A24 /* PortfolioViewModel.swift */ = {isa = PBXFileReference; lastKnownFileType = sourcecode.swift; path = PortfolioViewModel.swift; sourceTree = "<group>"; };
		F5E05DAC0D44225F96A4A59F /* CacheService.swift */ = {isa = PBXFileReference; lastKnownFileType = sourcecode.swift; path = CacheService.swift; sourceTree = "<group>"; };
/* End PBXFileReference section */

/* Begin PBXFrameworksBuildPhase section */
		E406D105A33ECFEBC0F25514 /* Frameworks */ = {
			isa = PBXFrameworksBuildPhase;
			buildActionMask = 2147483647;
			files = (
				8E910D91411A6410DAF874CE /* GoogleSignIn in Frameworks */,
			);
			runOnlyForDeploymentPostprocessing = 0;
		};
/* End PBXFrameworksBuildPhase section */

/* Begin PBXGroup section */
		23FDCF9A3DB4C6BADEDC9CBF /* Analysis */ = {
			isa = PBXGroup;
			children = (
				221E9FC34384F62F21CF8B2C /* AnalysisView.swift */,
			);
			path = Analysis;
			sourceTree = "<group>";
		};
		2B44B7D913D2A1C673ED527F /* Models */ = {
			isa = PBXGroup;
			children = (
				B44D4B3D0C0D32430530A6FA /* PortfolioModels.swift */,
			);
			path = Models;
			sourceTree = "<group>";
		};
		3D65AE52EDBDB688EB94D4AF = {
			isa = PBXGroup;
			children = (
				4C0702D67145A7AEA0CE27E4 /* Sources */,
				4CF8D581BFAA2D4C410651C0 /* Products */,
			);
			sourceTree = "<group>";
		};
		4C0702D67145A7AEA0CE27E4 /* Sources */ = {
			isa = PBXGroup;
			children = (
				D1F2D68780F957CF4155C9D5 /* Assets.xcassets */,
				D7A19E9BF2B7DF11ECB3A75F /* Info.plist */,
				C73F564E923BD87C16FC62B4 /* App */,
				8B6DA138585AF18B76E83B03 /* Core */,
				7E9ABFA331D082BB5755326B /* Features */,
				2B44B7D913D2A1C673ED527F /* Models */,
				6632C285D4D8C64766ACB9DF /* Shared */,
			);
			path = Sources;
			sourceTree = "<group>";
		};
		4CF8D581BFAA2D4C410651C0 /* Products */ = {
			isa = PBXGroup;
			children = (
				709B08EF831023E69437767D /* FD5to6Finance.app */,
			);
			name = Products;
			sourceTree = "<group>";
		};
		6632C285D4D8C64766ACB9DF /* Shared */ = {
			isa = PBXGroup;
			children = (
				3430B011FA23825C7EB24909 /* Extensions.swift */,
			);
			path = Shared;
			sourceTree = "<group>";
		};
		7E9ABFA331D082BB5755326B /* Features */ = {
			isa = PBXGroup;
			children = (
				23FDCF9A3DB4C6BADEDC9CBF /* Analysis */,
				8054EB753D0838150153A01E /* Dashboard */,
				B4D17B7A7B54E7FD7C7336FD /* Holdings */,
				9C184E81484DF59E8881C262 /* Indicators */,
			);
			path = Features;
			sourceTree = "<group>";
		};
		8054EB753D0838150153A01E /* Dashboard */ = {
			isa = PBXGroup;
			children = (
				A9B2E8C9B55CB166148F3413 /* DashboardView.swift */,
				1FFB093C98A9A65BAC4C61DD /* ProfitHistoryView.swift */,
			);
			path = Dashboard;
			sourceTree = "<group>";
		};
		8B6DA138585AF18B76E83B03 /* Core */ = {
			isa = PBXGroup;
			children = (
				572AFAE2337A882867A10414 /* AuthManager.swift */,
				3A5315FA51DB0730CB4A4702 /* BackgroundNetworkSession.swift */,
				F5E05DAC0D44225F96A4A59F /* CacheService.swift */,
				ED39F469647665BA80AB7A24 /* PortfolioViewModel.swift */,
				9EEA14071FF9B511EBB80775 /* ScriptAPIService.swift */,
			);
			path = Core;
			sourceTree = "<group>";
		};
		9C184E81484DF59E8881C262 /* Indicators */ = {
			isa = PBXGroup;
			children = (
				A624075426C0CD6EFA44B061 /* IndicatorsView.swift */,
			);
			path = Indicators;
			sourceTree = "<group>";
		};
		B4D17B7A7B54E7FD7C7336FD /* Holdings */ = {
			isa = PBXGroup;
			children = (
				32294F253EB4ED820C2CA04A /* HoldingCard.swift */,
				503A67D925BF2F4790395B73 /* HoldingsView.swift */,
			);
			path = Holdings;
			sourceTree = "<group>";
		};
		C73F564E923BD87C16FC62B4 /* App */ = {
			isa = PBXGroup;
			children = (
				7A1450337206CA58D1AFACD5 /* FD5to6FinanceApp.swift */,
				7F71B65F63A8620C39FB1081 /* MainTabView.swift */,
				42F775919615AB0B49C18D11 /* SignInView.swift */,
			);
			path = App;
			sourceTree = "<group>";
		};
/* End PBXGroup section */

/* Begin PBXNativeTarget section */
		C450A316E004BC50FE483AA2 /* FD5to6Finance */ = {
			isa = PBXNativeTarget;
			buildConfigurationList = F1F4E8393DE72F2BC162AFF1 /* Build configuration list for PBXNativeTarget "FD5to6Finance" */;
			buildPhases = (
				27A6EB9E847322B534E9FAF4 /* Sources */,
				FD8DDB828B8748FF37B41385 /* Resources */,
				E406D105A33ECFEBC0F25514 /* Frameworks */,
			);
			buildRules = (
			);
			dependencies = (
			);
			name = FD5to6Finance;
			packageProductDependencies = (
				F137E08175121C87C59AAAA1 /* GoogleSignIn */,
			);
			productName = FD5to6Finance;
			productReference = 709B08EF831023E69437767D /* FD5to6Finance.app */;
			productType = "com.apple.product-type.application";
		};
/* End PBXNativeTarget section */

/* Begin PBXProject section */
		B0370EC61869AD0047066423 /* Project object */ = {
			isa = PBXProject;
			attributes = {
				BuildIndependentTargetsInParallel = YES;
				LastUpgradeCheck = 1600;
			};
			buildConfigurationList = C9B6A58E71CAA2288175BBC7 /* Build configuration list for PBXProject "FD5to6Finance" */;
			developmentRegion = en;
			hasScannedForEncodings = 0;
			knownRegions = (
				Base,
				en,
			);
			mainGroup = 3D65AE52EDBDB688EB94D4AF;
			minimizedProjectReferenceProxies = 1;
			packageReferences = (
				6FD74460A3574DCC7EDBF112 /* XCRemoteSwiftPackageReference "GoogleSignIn-iOS" */,
			);
			preferredProjectObjectVersion = 77;
			productRefGroup = 4CF8D581BFAA2D4C410651C0 /* Products */;
			projectDirPath = "";
			projectRoot = "";
			targets = (
				C450A316E004BC50FE483AA2 /* FD5to6Finance */,
			);
		};
/* End PBXProject section */

/* Begin PBXResourcesBuildPhase section */
		FD8DDB828B8748FF37B41385 /* Resources */ = {
			isa = PBXResourcesBuildPhase;
			buildActionMask = 2147483647;
			files = (
				911586D3DF418056B6DE4528 /* Assets.xcassets in Resources */,
			);
			runOnlyForDeploymentPostprocessing = 0;
		};
/* End PBXResourcesBuildPhase section */

/* Begin PBXSourcesBuildPhase section */
		27A6EB9E847322B534E9FAF4 /* Sources */ = {
			isa = PBXSourcesBuildPhase;
			buildActionMask = 2147483647;
			files = (
				0460532CB7AF637FBF761216 /* AnalysisView.swift in Sources */,
				6A9E0841B4860288B728AACD /* AuthManager.swift in Sources */,
				1552601BB1781C4567306193 /* BackgroundNetworkSession.swift in Sources */,
				B23434C6DCF7650437DA0C1B /* CacheService.swift in Sources */,
				D8862210CC4D533765E55557 /* DashboardView.swift in Sources */,
				DB364D4F8268F63DF0BE35C0 /* Extensions.swift in Sources */,
				261773E66898155B4A1AA496 /* FD5to6FinanceApp.swift in Sources */,
				56FE521069D7D4778868E9BA /* HoldingCard.swift in Sources */,
				1603F7CAA21E69E1D87A3CF1 /* HoldingsView.swift in Sources */,
				BF25D24E55157721795B1A30 /* IndicatorsView.swift in Sources */,
				43ECDA7094A86E910E368B9D /* MainTabView.swift in Sources */,
				0B901906F0EAFE364A4C1AE6 /* PortfolioModels.swift in Sources */,
				A61D8745C8CA7CAF47024B1F /* PortfolioViewModel.swift in Sources */,
				87232CB58E74E7A8B66C642A /* ProfitHistoryView.swift in Sources */,
				A0393A7B7685631DF221E229 /* ScriptAPIService.swift in Sources */,
				88E574EBAFD309E43C42A53C /* SignInView.swift in Sources */,
			);
			runOnlyForDeploymentPostprocessing = 0;
		};
/* End PBXSourcesBuildPhase section */

/* Begin XCBuildConfiguration section */
		38380EEE6DF617E83F9F43F7 /* Debug */ = {
			isa = XCBuildConfiguration;
			buildSettings = {
				ALWAYS_SEARCH_USER_PATHS = NO;
				CLANG_ANALYZER_NONNULL = YES;
				CLANG_ANALYZER_NUMBER_OBJECT_CONVERSION = YES_AGGRESSIVE;
				CLANG_CXX_LANGUAGE_STANDARD = "gnu++14";
				CLANG_CXX_LIBRARY = "libc++";
				CLANG_ENABLE_MODULES = YES;
				CLANG_ENABLE_OBJC_ARC = YES;
				CLANG_ENABLE_OBJC_WEAK = YES;
				CLANG_WARN_BLOCK_CAPTURE_AUTORELEASING = YES;
				CLANG_WARN_BOOL_CONVERSION = YES;
				CLANG_WARN_COMMA = YES;
				CLANG_WARN_CONSTANT_CONVERSION = YES;
				CLANG_WARN_DEPRECATED_OBJC_IMPLEMENTATIONS = YES;
				CLANG_WARN_DIRECT_OBJC_ISA_USAGE = YES_ERROR;
				CLANG_WARN_DOCUMENTATION_COMMENTS = YES;
				CLANG_WARN_EMPTY_BODY = YES;
				CLANG_WARN_ENUM_CONVERSION = YES;
				CLANG_WARN_INFINITE_RECURSION = YES;
				CLANG_WARN_INT_CONVERSION = YES;
				CLANG_WARN_NON_LITERAL_NULL_CONVERSION = YES;
				CLANG_WARN_OBJC_IMPLICIT_RETAIN_SELF = YES;
				CLANG_WARN_OBJC_LITERAL_CONVERSION = YES;
				CLANG_WARN_OBJC_ROOT_CLASS = YES_ERROR;
				CLANG_WARN_QUOTED_INCLUDE_IN_FRAMEWORK_HEADER = YES;
				CLANG_WARN_RANGE_LOOP_ANALYSIS = YES;
				CLANG_WARN_STRICT_PROTOTYPES = YES;
				CLANG_WARN_SUSPICIOUS_MOVE = YES;
				CLANG_WARN_UNGUARDED_AVAILABILITY = YES_AGGRESSIVE;
				CLANG_WARN_UNREACHABLE_CODE = YES;
				CLANG_WARN__DUPLICATE_METHOD_MATCH = YES;
				COPY_PHASE_STRIP = NO;
				DEBUG_INFORMATION_FORMAT = dwarf;
				ENABLE_STRICT_OBJC_MSGSEND = YES;
				ENABLE_TESTABILITY = YES;
				GCC_C_LANGUAGE_STANDARD = gnu11;
				GCC_DYNAMIC_NO_PIC = NO;
				GCC_NO_COMMON_BLOCKS = YES;
				GCC_OPTIMIZATION_LEVEL = 0;
				GCC_PREPROCESSOR_DEFINITIONS = (
					"$(inherited)",
					"DEBUG=1",
				);
				GCC_WARN_64_TO_32_BIT_CONVERSION = YES;
				GCC_WARN_ABOUT_RETURN_TYPE = YES_ERROR;
				GCC_WARN_UNDECLARED_SELECTOR = YES;
				GCC_WARN_UNINITIALIZED_AUTOS = YES_AGGRESSIVE;
				GCC_WARN_UNUSED_FUNCTION = YES;
				GCC_WARN_UNUSED_VARIABLE = YES;
				IPHONEOS_DEPLOYMENT_TARGET = 17.0;
				MTL_ENABLE_DEBUG_INFO = INCLUDE_SOURCE;
				MTL_FAST_MATH = YES;
				ONLY_ACTIVE_ARCH = YES;
				PRODUCT_NAME = "$(TARGET_NAME)";
				SDKROOT = iphoneos;
				SWIFT_ACTIVE_COMPILATION_CONDITIONS = DEBUG;
				SWIFT_OPTIMIZATION_LEVEL = "-Onone";
				SWIFT_VERSION = 5.0;
			};
			name = Debug;
		};
		A999EC4C5680C23C213302C6 /* Release */ = {
			isa = XCBuildConfiguration;
			buildSettings = {
				ALWAYS_SEARCH_USER_PATHS = NO;
				CLANG_ANALYZER_NONNULL = YES;
				CLANG_ANALYZER_NUMBER_OBJECT_CONVERSION = YES_AGGRESSIVE;
				CLANG_CXX_LANGUAGE_STANDARD = "gnu++14";
				CLANG_CXX_LIBRARY = "libc++";
				CLANG_ENABLE_MODULES = YES;
				CLANG_ENABLE_OBJC_ARC = YES;
				CLANG_ENABLE_OBJC_WEAK = YES;
				CLANG_WARN_BLOCK_CAPTURE_AUTORELEASING = YES;
				CLANG_WARN_BOOL_CONVERSION = YES;
				CLANG_WARN_COMMA = YES;
				CLANG_WARN_CONSTANT_CONVERSION = YES;
				CLANG_WARN_DEPRECATED_OBJC_IMPLEMENTATIONS = YES;
				CLANG_WARN_DIRECT_OBJC_ISA_USAGE = YES_ERROR;
				CLANG_WARN_DOCUMENTATION_COMMENTS = YES;
				CLANG_WARN_EMPTY_BODY = YES;
				CLANG_WARN_ENUM_CONVERSION = YES;
				CLANG_WARN_INFINITE_RECURSION = YES;
				CLANG_WARN_INT_CONVERSION = YES;
				CLANG_WARN_NON_LITERAL_NULL_CONVERSION = YES;
				CLANG_WARN_OBJC_IMPLICIT_RETAIN_SELF = YES;
				CLANG_WARN_OBJC_LITERAL_CONVERSION = YES;
				CLANG_WARN_OBJC_ROOT_CLASS = YES_ERROR;
				CLANG_WARN_QUOTED_INCLUDE_IN_FRAMEWORK_HEADER = YES;
				CLANG_WARN_RANGE_LOOP_ANALYSIS = YES;
				CLANG_WARN_STRICT_PROTOTYPES = YES;
				CLANG_WARN_SUSPICIOUS_MOVE = YES;
				CLANG_WARN_UNGUARDED_AVAILABILITY = YES_AGGRESSIVE;
				CLANG_WARN_UNREACHABLE_CODE = YES;
				CLANG_WARN__DUPLICATE_METHOD_MATCH = YES;
				COPY_PHASE_STRIP = NO;
				DEBUG_INFORMATION_FORMAT = "dwarf-with-dsym";
				ENABLE_NS_ASSERTIONS = NO;
				ENABLE_STRICT_OBJC_MSGSEND = YES;
				GCC_C_LANGUAGE_STANDARD = gnu11;
				GCC_NO_COMMON_BLOCKS = YES;
				GCC_WARN_64_TO_32_BIT_CONVERSION = YES;
				GCC_WARN_ABOUT_RETURN_TYPE = YES_ERROR;
				GCC_WARN_UNDECLARED_SELECTOR = YES;
				GCC_WARN_UNINITIALIZED_AUTOS = YES_AGGRESSIVE;
				GCC_WARN_UNUSED_FUNCTION = YES;
				GCC_WARN_UNUSED_VARIABLE = YES;
				IPHONEOS_DEPLOYMENT_TARGET = 17.0;
				MTL_ENABLE_DEBUG_INFO = NO;
				MTL_FAST_MATH = YES;
				PRODUCT_NAME = "$(TARGET_NAME)";
				SDKROOT = iphoneos;
				SWIFT_COMPILATION_MODE = wholemodule;
				SWIFT_OPTIMIZATION_LEVEL = "-O";
				SWIFT_VERSION = 5.0;
			};
			name = Release;
		};
		DFE4EAC1CD95CC45F48FC2E6 /* Release */ = {
			isa = XCBuildConfiguration;
			buildSettings = {
				ASSETCATALOG_COMPILER_APPICON_NAME = AppIcon;
				CODE_SIGN_IDENTITY = "iPhone Developer";
				DEVELOPMENT_TEAM = 44DWWF283N;
				INFOPLIST_FILE = Sources/Info.plist;
				IPHONEOS_DEPLOYMENT_TARGET = 17.0;
				LD_RUNPATH_SEARCH_PATHS = (
					"$(inherited)",
					"@executable_path/Frameworks",
				);
				PRODUCT_BUNDLE_IDENTIFIER = com.junwon.fd5to6finance;
				SDKROOT = iphoneos;
				SWIFT_VERSION = 5.9;
				TARGETED_DEVICE_FAMILY = "1,2";
			};
			name = Release;
		};
		E54699857554879749FD4609 /* Debug */ = {
			isa = XCBuildConfiguration;
			buildSettings = {
				ASSETCATALOG_COMPILER_APPICON_NAME = AppIcon;
				CODE_SIGN_IDENTITY = "iPhone Developer";
				DEVELOPMENT_TEAM = 44DWWF283N;
				INFOPLIST_FILE = Sources/Info.plist;
				IPHONEOS_DEPLOYMENT_TARGET = 17.0;
				LD_RUNPATH_SEARCH_PATHS = (
					"$(inherited)",
					"@executable_path/Frameworks",
				);
				PRODUCT_BUNDLE_IDENTIFIER = com.junwon.fd5to6finance;
				SDKROOT = iphoneos;
				SWIFT_VERSION = 5.9;
				TARGETED_DEVICE_FAMILY = "1,2";
			};
			name = Debug;
		};
/* End XCBuildConfiguration section */

/* Begin XCConfigurationList section */
		C9B6A58E71CAA2288175BBC7 /* Build configuration list for PBXProject "FD5to6Finance" */ = {
			isa = XCConfigurationList;
			buildConfigurations = (
				38380EEE6DF617E83F9F43F7 /* Debug */,
				A999EC4C5680C23C213302C6 /* Release */,
			);
			defaultConfigurationIsVisible = 0;
			defaultConfigurationName = Debug;
		};
		F1F4E8393DE72F2BC162AFF1 /* Build configuration list for PBXNativeTarget "FD5to6Finance" */ = {
			isa = XCConfigurationList;
			buildConfigurations = (
				E54699857554879749FD4609 /* Debug */,
				DFE4EAC1CD95CC45F48FC2E6 /* Release */,
			);
			defaultConfigurationIsVisible = 0;
			defaultConfigurationName = Debug;
		};
/* End XCConfigurationList section */

/* Begin XCRemoteSwiftPackageReference section */
		6FD74460A3574DCC7EDBF112 /* XCRemoteSwiftPackageReference "GoogleSignIn-iOS" */ = {
			isa = XCRemoteSwiftPackageReference;
			repositoryURL = "https://github.com/google/GoogleSignIn-iOS";
			requirement = {
				kind = upToNextMajorVersion;
				minimumVersion = 7.1.0;
			};
		};
/* End XCRemoteSwiftPackageReference section */

/* Begin XCSwiftPackageProductDependency section */
		F137E08175121C87C59AAAA1 /* GoogleSignIn */ = {
			isa = XCSwiftPackageProductDependency;
			package = 6FD74460A3574DCC7EDBF112 /* XCRemoteSwiftPackageReference "GoogleSignIn-iOS" */;
			productName = GoogleSignIn;
		};
/* End XCSwiftPackageProductDependency section */
	};
	rootObject = B0370EC61869AD0047066423 /* Project object */;
}
